
Microsoft Visual Studio Solution File, Format Version 12.00
# Visual Studio Version 16
VisualStudioVersion = 16.0.30907.101
MinimumVisualStudioVersion = 10.0.40219.1
Project("{FAE04EC0-301F-11D3-BF4B-00C04F79EFBC}") = "GenericCollections", "generikKoleksiyonlar\GenericCollections.csproj", "{E9EC77FD-06A7-4669-A25C-B719AFC2B2C5}"
EndProject
Global
	GlobalSection(SolutionConfigurationPlatforms) = preSolution
		Debug|Any CPU = Debug|Any CPU
		Release|Any CPU = Release|Any CPU
	EndGlobalSection
	GlobalSection(ProjectConfigurationPlatforms) = postSolution
		{E9EC77FD-06A7-4669-A25C-B719AFC2B2C5}.Debug|Any CPU.ActiveCfg = Debug|Any CPU
		{E9EC77FD-06A7-4669-A25C-B719AFC2B2C5}.Debug|Any CPU.Build.0 = Debug|Any CPU
		{E9EC77FD-06A7-4669-A25C-B719AFC2B2C5}.Release|Any CPU.ActiveCfg = Release|Any CPU
		{E9EC77FD-06A7-4669-A25C-B719AFC2B2C5}.Release|Any CPU.Build.0 = Release|Any CPU
	EndGlobalSection
	GlobalSection(SolutionProperties) = preSolution
		HideSolutionNode = FALSE
	EndGlobalSection
	GlobalSection(ExtensibilityGlobals) = postSolution
		SolutionGuid = {66D23F71-566C-4668-9526-819796343DF8}
	EndGlobalSection
EndGlobal
